// !$*UTF8*$!
{
	archiveVersion = 1;
	classes = {
	};
	objectVersion = 77;
	objects = {

/* Begin PBXBuildFile section */
		E6778A822E47D9BB007F2651 /* FoodItem+CoreDataClass.swift in Sources */ = {isa = PBXBuildFile; fileRef = E6778A802E47D9BB007F2651 /* FoodItem+CoreDataClass.swift */; };
		E6778A832E47D9BB007F2651 /* FoodItem+CoreDataProperties.swift in Sources */ = {isa = PBXBuildFile; fileRef = E6778A812E47D9BB007F2651 /* FoodItem+CoreDataProperties.swift */; };
		E6D0C7092E43F149005B313A /* User+CoreDataProperties.swift in Sources */ = {isa = PBXBuildFile; fileRef = E6D0C7082E43F149005B313A /* User+CoreDataProperties.swift */; };
		E6D0C70A2E43F149005B313A /* User+CoreDataClass.swift in Sources */ = {isa = PBXBuildFile; fileRef = E6D0C7072E43F149005B313A /* User+CoreDataClass.swift */; };
/* End PBXBuildFile section */

/* Begin PBXContainerItemProxy section */
		E6ABFA982E3AE45B001BDC5A /* PBXContainerItemProxy */ = {
			isa = PBXContainerItemProxy;
			containerPortal = E6ABFA762E3AE459001BDC5A /* Project object */;
			proxyType = 1;
			remoteGlobalIDString = E6ABFA7D2E3AE459001BDC5A;
			remoteInfo = foodExpirationTracker;
		};
		E6ABFAA22E3AE45B001BDC5A /* PBXContainerItemProxy */ = {
			isa = PBXContainerItemProxy;
			containerPortal = E6ABFA762E3AE459001BDC5A /* Project object */;
			proxyType = 1;
			remoteGlobalIDString = E6ABFA7D2E3AE459001BDC5A;
			remoteInfo = foodExpirationTracker;
		};
/* End PBXContainerItemProxy section */

/* Begin PBXFileReference section */
		E6778A802E47D9BB007F2651 /* FoodItem+CoreDataClass.swift */ = {isa = PBXFileReference; lastKnownFileType = sourcecode.swift; path = "FoodItem+CoreDataClass.swift"; sourceTree = "<group>"; };
		E6778A812E47D9BB007F2651 /* FoodItem+CoreDataProperties.swift */ = {isa = PBXFileReference; lastKnownFileType = sourcecode.swift; path = "FoodItem+CoreDataProperties.swift"; sourceTree = "<group>"; };
		E6ABFA7E2E3AE459001BDC5A /* foodExpirationTracker.app */ = {isa = PBXFileReference; explicitFileType = wrapper.application; includeInIndex = 0; path = foodExpirationTracker.app; sourceTree = BUILT_PRODUCTS_DIR; };
		E6ABFA972E3AE45B001BDC5A /* foodExpirationTrackerTests.xctest */ = {isa = PBXFileReference; explicitFileType = wrapper.cfbundle; includeInIndex = 0; path = foodExpirationTrackerTests.xctest; sourceTree = BUILT_PRODUCTS_DIR; };
		E6ABFAA12E3AE45B001BDC5A /* foodExpirationTrackerUITests.xctest */ = {isa = PBXFileReference; explicitFileType = wrapper.cfbundle; includeInIndex = 0; path = foodExpirationTrackerUITests.xctest; sourceTree = BUILT_PRODUCTS_DIR; };
		E6D0C7072E43F149005B313A /* User+CoreDataClass.swift */ = {isa = PBXFileReference; lastKnownFileType = sourcecode.swift; path = "User+CoreDataClass.swift"; sourceTree = "<group>"; };
		E6D0C7082E43F149005B313A /* User+CoreDataProperties.swift */ = {isa = PBXFileReference; lastKnownFileType = sourcecode.swift; path = "User+CoreDataProperties.swift"; sourceTree = "<group>"; };
/* End PBXFileReference section */

/* Begin PBXFileSystemSynchronizedRootGroup section */
		E6ABFA802E3AE459001BDC5A /* foodExpirationTracker */ = {
			isa = PBXFileSystemSynchronizedRootGroup;
			path = foodExpirationTracker;
			sourceTree = "<group>";
		};
		E6ABFA9A2E3AE45B001BDC5A /* foodExpirationTrackerTests */ = {
			isa = PBXFileSystemSynchronizedRootGroup;
			path = foodExpirationTrackerTests;
			sourceTree = "<group>";
		};
		E6ABFAA42E3AE45B001BDC5A /* foodExpirationTrackerUITests */ = {
			isa = PBXFileSystemSynchronizedRootGroup;
			path = foodExpirationTrackerUITests;
			sourceTree = "<group>";
		};
/* End PBXFileSystemSynchronizedRootGroup section */

/* Begin PBXFrameworksBuildPhase section */
		E6ABFA7B2E3AE459001BDC5A /* Frameworks */ = {
			isa = PBXFrameworksBuildPhase;
			buildActionMask = 2147483647;
			files = (
			);
			runOnlyForDeploymentPostprocessing = 0;
		};
		E6ABFA942E3AE45B001BDC5A /* Frameworks */ = {
			isa = PBXFrameworksBuildPhase;
			buildActionMask = 2147483647;
			files = (
			);
			runOnlyForDeploymentPostprocessing = 0;
		};
		E6ABFA9E2E3AE45B001BDC5A /* Frameworks */ = {
			isa = PBXFrameworksBuildPhase;
			buildActionMask = 2147483647;
			files = (
			);
			runOnlyForDeploymentPostprocessing = 0;
		};
/* End PBXFrameworksBuildPhase section */

/* Begin PBXGroup section */
		E6ABFA752E3AE459001BDC5A = {
			isa = PBXGroup;
			children = (
				E6778A802E47D9BB007F2651 /* FoodItem+CoreDataClass.swift */,
				E6778A812E47D9BB007F2651 /* FoodItem+CoreDataProperties.swift */,
				E6D0C7072E43F149005B313A /* User+CoreDataClass.swift */,
				E6D0C7082E43F149005B313A /* User+CoreDataProperties.swift */,
				E6ABFA802E3AE459001BDC5A /* foodExpirationTracker */,
				E6ABFA9A2E3AE45B001BDC5A /* foodExpirationTrackerTests */,
				E6ABFAA42E3AE45B001BDC5A /* foodExpirationTrackerUITests */,
				E6ABFA7F2E3AE459001BDC5A /* Products */,
			);
			sourceTree = "<group>";
		};
		E6ABFA7F2E3AE459001BDC5A /* Products */ = {
			isa = PBXGroup;
			children = (
				E6ABFA7E2E3AE459001BDC5A /* foodExpirationTracker.app */,
				E6ABFA972E3AE45B001BDC5A /* foodExpirationTrackerTests.xctest */,
				E6ABFAA12E3AE45B001BDC5A /* foodExpirationTrackerUITests.xctest */,
			);
			name = Products;
			sourceTree = "<group>";
		};
/* End PBXGroup section */

/* Begin PBXNativeTarget section */
		E6ABFA7D2E3AE459001BDC5A /* foodExpirationTracker */ = {
			isa = PBXNativeTarget;
			buildConfigurationList = E6ABFAAA2E3AE45B001BDC5A /* Build configuration list for PBXNativeTarget "foodExpirationTracker" */;
			buildPhases = (
				E6ABFA7A2E3AE459001BDC5A /* Sources */,
				E6ABFA7B2E3AE459001BDC5A /* Frameworks */,
				E6ABFA7C2E3AE459001BDC5A /* Resources */,
			);
			buildRules = (
			);
			dependencies = (
			);
			fileSystemSynchronizedGroups = (
				E6ABFA802E3AE459001BDC5A /* foodExpirationTracker */,
			);
			name = foodExpirationTracker;
			packageProductDependencies = (
			);
			productName = foodExpirationTracker;
			productReference = E6ABFA7E2E3AE459001BDC5A /* foodExpirationTracker.app */;
			productType = "com.apple.product-type.application";
		};
		E6ABFA962E3AE45B001BDC5A /* foodExpirationTrackerTests */ = {
			isa = PBXNativeTarget;
			buildConfigurationList = E6ABFAAF2E3AE45B001BDC5A /* Build configuration list for PBXNativeTarget "foodExpirationTrackerTests" */;
			buildPhases = (
				E6ABFA932E3AE45B001BDC5A /* Sources */,
				E6ABFA942E3AE45B001BDC5A /* Frameworks */,
				E6ABFA952E3AE45B001BDC5A /* Resources */,
			);
			buildRules = (
			);
			dependencies = (
				E6ABFA992E3AE45B001BDC5A /* PBXTargetDependency */,
			);
			fileSystemSynchronizedGroups = (
				E6ABFA9A2E3AE45B001BDC5A /* foodExpirationTrackerTests */,
			);
			name = foodExpirationTrackerTests;
			packageProductDependencies = (
			);
			productName = foodExpirationTrackerTests;
			productReference = E6ABFA972E3AE45B001BDC5A /* foodExpirationTrackerTests.xctest */;
			productType = "com.apple.product-type.bundle.unit-test";
		};
		E6ABFAA02E3AE45B001BDC5A /* foodExpirationTrackerUITests */ = {
			isa = PBXNativeTarget;
			buildConfigurationList = E6ABFAB22E3AE45B001BDC5A /* Build configuration list for PBXNativeTarget "foodExpirationTrackerUITests" */;
			buildPhases = (
				E6ABFA9D2E3AE45B001BDC5A /* Sources */,
				E6ABFA9E2E3AE45B001BDC5A /* Frameworks */,
				E6ABFA9F2E3AE45B001BDC5A /* Resources */,
			);
			buildRules = (
			);
			dependencies = (
				E6ABFAA32E3AE45B001BDC5A /* PBXTargetDependency */,
			);
			fileSystemSynchronizedGroups = (
				E6ABFAA42E3AE45B001BDC5A /* foodExpirationTrackerUITests */,
			);
			name = foodExpirationTrackerUITests;
			packageProductDependencies = (
			);
			productName = foodExpirationTrackerUITests;
			productReference = E6ABFAA12E3AE45B001BDC5A /* foodExpirationTrackerUITests.xctest */;
			productType = "com.apple.product-type.bundle.ui-testing";
		};
/* End PBXNativeTarget section */

/* Begin PBXProject section */
		E6ABFA762E3AE459001BDC5A /* Project object */ = {
			isa = PBXProject;
			attributes = {
				BuildIndependentTargetsInParallel = 1;
				LastSwiftUpdateCheck = 1640;
				LastUpgradeCheck = 1640;
				TargetAttributes = {
					E6ABFA7D2E3AE459001BDC5A = {
						CreatedOnToolsVersion = 16.4;
					};
					E6ABFA962E3AE45B001BDC5A = {
						CreatedOnToolsVersion = 16.4;
						TestTargetID = E6ABFA7D2E3AE459001BDC5A;
					};
					E6ABFAA02E3AE45B001BDC5A = {
						CreatedOnToolsVersion = 16.4;
						TestTargetID = E6ABFA7D2E3AE459001BDC5A;
					};
				};
			};
			buildConfigurationList = E6ABFA792E3AE459001BDC5A /* Build configuration list for PBXProject "foodExpirationTracker" */;
			developmentRegion = en;
			hasScannedForEncodings = 0;
			knownRegions = (
				en,
				Base,
			);
			mainGroup = E6ABFA752E3AE459001BDC5A;
			minimizedProjectReferenceProxies = 1;
			preferredProjectObjectVersion = 77;
			productRefGroup = E6ABFA7F2E3AE459001BDC5A /* Products */;
			projectDirPath = "";
			projectRoot = "";
			targets = (
				E6ABFA7D2E3AE459001BDC5A /* foodExpirationTracker */,
				E6ABFA962E3AE45B001BDC5A /* foodExpirationTrackerTests */,
				E6ABFAA02E3AE45B001BDC5A /* foodExpirationTrackerUITests */,
			);
		};
/* End PBXProject section */

/* Begin PBXResourcesBuildPhase section */
		E6ABFA7C2E3AE459001BDC5A /* Resources */ = {
			isa = PBXResourcesBuildPhase;
			buildActionMask = 2147483647;
			files = (
			);
			runOnlyForDeploymentPostprocessing = 0;
		};
		E6ABFA952E3AE45B001BDC5A /* Resources */ = {
			isa = PBXResourcesBuildPhase;
			buildActionMask = 2147483647;
			files = (
			);
			runOnlyForDeploymentPostprocessing = 0;
		};
		E6ABFA9F2E3AE45B001BDC5A /* Resources */ = {
			isa = PBXResourcesBuildPhase;
			buildActionMask = 2147483647;
			files = (
			);
			runOnlyForDeploymentPostprocessing = 0;
		};
/* End PBXResourcesBuildPhase section */

/* Begin PBXSourcesBuildPhase section */
		E6ABFA7A2E3AE459001BDC5A /* Sources */ = {
			isa = PBXSourcesBuildPhase;
			buildActionMask = 2147483647;
			files = (
				E6778A822E47D9BB007F2651 /* FoodItem+CoreDataClass.swift in Sources */,
				E6778A832E47D9BB007F2651 /* FoodItem+CoreDataProperties.swift in Sources */,
				E6D0C7092E43F149005B313A /* User+CoreDataProperties.swift in Sources */,
				E6D0C70A2E43F149005B313A /* User+CoreDataClass.swift in Sources */,
			);
			runOnlyForDeploymentPostprocessing = 0;
		};
		E6ABFA932E3AE45B001BDC5A /* Sources */ = {
			isa = PBXSourcesBuildPhase;
			buildActionMask = 2147483647;
			files = (
			);
			runOnlyForDeploymentPostprocessing = 0;
		};
		E6ABFA9D2E3AE45B001BDC5A /* Sources */ = {
			isa = PBXSourcesBuildPhase;
			buildActionMask = 2147483647;
			files = (
			);
			runOnlyForDeploymentPostprocessing = 0;
		};
/* End PBXSourcesBuildPhase section */

/* Begin PBXTargetDependency section */
		E6ABFA992E3AE45B001BDC5A /* PBXTargetDependency */ = {
			isa = PBXTargetDependency;
			target = E6ABFA7D2E3AE459001BDC5A /* foodExpirationTracker */;
			targetProxy = E6ABFA982E3AE45B001BDC5A /* PBXContainerItemProxy */;
		};
		E6ABFAA32E3AE45B001BDC5A /* PBXTargetDependency */ = {
			isa = PBXTargetDependency;
			target = E6ABFA7D2E3AE459001BDC5A /* foodExpirationTracker */;
			targetProxy = E6ABFAA22E3AE45B001BDC5A /* PBXContainerItemProxy */;
		};
/* End PBXTargetDependency section */

/* Begin XCBuildConfiguration section */
		E6ABFAAB2E3AE45B001BDC5A /* Debug */ = {
			isa = XCBuildConfiguration;
			buildSettings = {
				ASSETCATALOG_COMPILER_APPICON_NAME = AppIcon;
				ASSETCATALOG_COMPILER_GLOBAL_ACCENT_COLOR_NAME = AccentColor;
				CODE_SIGN_STYLE = Automatic;
				CURRENT_PROJECT_VERSION = 1;
				GENERATE_INFOPLIST_FILE = YES;
				INFOPLIST_FILE = foodExpirationTracker/Info.plist;
				INFOPLIST_KEY_NSCameraUsageDescription = "";
				INFOPLIST_KEY_NSPhotoLibraryUsageDescription = "";
				INFOPLIST_KEY_UIApplicationSupportsIndirectInputEvents = YES;
				INFOPLIST_KEY_UILaunchStoryboardName = LaunchScreen;
				INFOPLIST_KEY_UIMainStoryboardFile = Main;
				INFOPLIST_KEY_UISupportedInterfaceOrientations_iPad = "UIInterfaceOrientationPortrait UIInterfaceOrientationPortraitUpsideDown UIInterfaceOrientationLandscapeLeft UIInterfaceOrientationLandscapeRight";
				INFOPLIST_KEY_UISupportedInterfaceOrientations_iPhone = "UIInterfaceOrientationPortrait UIInterfaceOrientationLandscapeLeft UIInterfaceOrientationLandscapeRight";
				LD_RUNPATH_SEARCH_PATHS = (
					"$(inherited)",
					"@executable_path/Frameworks",
				);
				MARKETING_VERSION = 1.0;
				PRODUCT_BUNDLE_IDENTIFIER = com.mahirpatel.foodExpirationTracker;
				PRODUCT_NAME = "$(TARGET_NAME)";
				SWIFT_EMIT_LOC_STRINGS = YES;
				SWIFT_VERSION = 5.0;
				TARGETED_DEVICE_FAMILY = "1,2";
			};
			name = Debug;
		};
		E6ABFAAC2E3AE45B001BDC5A /* Release */ = {
			isa = XCBuildConfiguration;
			buildSettings = {
				ASSETCATALOG_COMPILER_APPICON_NAME = AppIcon;
				ASSETCATALOG_COMPILER_GLOBAL_ACCENT_COLOR_NAME = AccentColor;
				CODE_SIGN_STYLE = Automatic;
				CURRENT_PROJECT_VERSION = 1;
				GENERATE_INFOPLIST_FILE = YES;
				INFOPLIST_FILE = foodExpirationTracker/Info.plist;
				INFOPLIST_KEY_NSCameraUsageDescription = "";
				INFOPLIST_KEY_NSPhotoLibraryUsageDescription = "";
				INFOPLIST_KEY_UIApplicationSupportsIndirectInputEvents = YES;
				INFOPLIST_KEY_UILaunchStoryboardName = LaunchScreen;
				INFOPLIST_KEY_UIMainStoryboardFile = Main;
				INFOPLIST_KEY_UISupportedInterfaceOrientations_iPad = "UIInterfaceOrientationPortrait UIInterfaceOrientationPortraitUpsideDown UIInterfaceOrientationLandscapeLeft UIInterfaceOrientationLandscapeRight";
				INFOPLIST_KEY_UISupportedInterfaceOrientations_iPhone = "UIInterfaceOrientationPortrait UIInterfaceOrientationLandscapeLeft UIInterfaceOrientationLandscapeRight";
				LD_RUNPATH_SEARCH_PATHS = (
					"$(inherited)",
					"@executable_path/Frameworks",
				);
				MARKETING_VERSION = 1.0;
				PRODUCT_BUNDLE_IDENTIFIER = com.mahirpatel.foodExpirationTracker;
				PRODUCT_NAME = "$(TARGET_NAME)";
				SWIFT_EMIT_LOC_STRINGS = YES;
				SWIFT_VERSION = 5.0;
				TARGETED_DEVICE_FAMILY = "1,2";
			};
			name = Release;
		};
		E6ABFAAD2E3AE45B001BDC5A /* Debug */ = {
			isa = XCBuildConfiguration;
			buildSettings = {
				ALWAYS_SEARCH_USER_PATHS = NO;
				ASSETCATALOG_COMPILER_GENERATE_SWIFT_ASSET_SYMBOL_EXTENSIONS = YES;
				CLANG_ANALYZER_NONNULL = YES;
				CLANG_ANALYZER_NUMBER_OBJECT_CONVERSION = YES_AGGRESSIVE;
				CLANG_CXX_LANGUAGE_STANDARD = "gnu++20";
				CLANG_ENABLE_MODULES = YES;
				CLANG_ENABLE_OBJC_ARC = YES;
				CLANG_ENABLE_OBJC_WEAK = YES;
				CLANG_WARN_BLOCK_CAPTURE_AUTORELEASING = YES;
				CLANG_WARN_BOOL_CONVERSION = YES;
				CLANG_WARN_COMMA = YES;
				CLANG_WARN_CONSTANT_CONVERSION = YES;
				CLANG_WARN_DEPRECATED_OBJC_IMPLEMENTATIONS = YES;
				CLANG_WARN_DIRECT_OBJC_ISA_USAGE = YES_ERROR;
				CLANG_WARN_DOCUMENTATION_COMMENTS = YES;
				CLANG_WARN_EMPTY_BODY = YES;
				CLANG_WARN_ENUM_CONVERSION = YES;
				CLANG_WARN_INFINITE_RECURSION = YES;
				CLANG_WARN_INT_CONVERSION = YES;
				CLANG_WARN_NON_LITERAL_NULL_CONVERSION = YES;
				CLANG_WARN_OBJC_IMPLICIT_RETAIN_SELF = YES;
				CLANG_WARN_OBJC_LITERAL_CONVERSION = YES;
				CLANG_WARN_OBJC_ROOT_CLASS = YES_ERROR;
				CLANG_WARN_QUOTED_INCLUDE_IN_FRAMEWORK_HEADER = YES;
				CLANG_WARN_RANGE_LOOP_ANALYSIS = YES;
				CLANG_WARN_STRICT_PROTOTYPES = YES;
				CLANG_WARN_SUSPICIOUS_MOVE = YES;
				CLANG_WARN_UNGUARDED_AVAILABILITY = YES_AGGRESSIVE;
				CLANG_WARN_UNREACHABLE_CODE = YES;
				CLANG_WARN__DUPLICATE_METHOD_MATCH = YES;
				COPY_PHASE_STRIP = NO;
				DEBUG_INFORMATION_FORMAT = dwarf;
				ENABLE_STRICT_OBJC_MSGSEND = YES;
				ENABLE_TESTABILITY = YES;
				ENABLE_USER_SCRIPT_SANDBOXING = YES;
				GCC_C_LANGUAGE_STANDARD = gnu17;
				GCC_DYNAMIC_NO_PIC = NO;
				GCC_NO_COMMON_BLOCKS = YES;
				GCC_OPTIMIZATION_LEVEL = 0;
				GCC_PREPROCESSOR_DEFINITIONS = (
					"DEBUG=1",
					"$(inherited)",
				);
				GCC_WARN_64_TO_32_BIT_CONVERSION = YES;
				GCC_WARN_ABOUT_RETURN_TYPE = YES_ERROR;
				GCC_WARN_UNDECLARED_SELECTOR = YES;
				GCC_WARN_UNINITIALIZED_AUTOS = YES_AGGRESSIVE;
				GCC_WARN_UNUSED_FUNCTION = YES;
				GCC_WARN_UNUSED_VARIABLE = YES;
				IPHONEOS_DEPLOYMENT_TARGET = 18.5;
				LOCALIZATION_PREFERS_STRING_CATALOGS = YES;
				MTL_ENABLE_DEBUG_INFO = INCLUDE_SOURCE;
				MTL_FAST_MATH = YES;
				ONLY_ACTIVE_ARCH = YES;
				SDKROOT = iphoneos;
				SWIFT_ACTIVE_COMPILATION_CONDITIONS = "DEBUG $(inherited)";
				SWIFT_OPTIMIZATION_LEVEL = "-Onone";
			};
			name = Debug;
		};
		E6ABFAAE2E3AE45B001BDC5A /* Release */ = {
			isa = XCBuildConfiguration;
			buildSettings = {
				ALWAYS_SEARCH_USER_PATHS = NO;
				ASSETCATALOG_COMPILER_GENERATE_SWIFT_ASSET_SYMBOL_EXTENSIONS = YES;
				CLANG_ANALYZER_NONNULL = YES;
				CLANG_ANALYZER_NUMBER_OBJECT_CONVERSION = YES_AGGRESSIVE;
				CLANG_CXX_LANGUAGE_STANDARD = "gnu++20";
				CLANG_ENABLE_MODULES = YES;
				CLANG_ENABLE_OBJC_ARC = YES;
				CLANG_ENABLE_OBJC_WEAK = YES;
				CLANG_WARN_BLOCK_CAPTURE_AUTORELEASING = YES;
				CLANG_WARN_BOOL_CONVERSION = YES;
				CLANG_WARN_COMMA = YES;
				CLANG_WARN_CONSTANT_CONVERSION = YES;
				CLANG_WARN_DEPRECATED_OBJC_IMPLEMENTATIONS = YES;
				CLANG_WARN_DIRECT_OBJC_ISA_USAGE = YES_ERROR;
				CLANG_WARN_DOCUMENTATION_COMMENTS = YES;
				CLANG_WARN_EMPTY_BODY = YES;
				CLANG_WARN_ENUM_CONVERSION = YES;
				CLANG_WARN_INFINITE_RECURSION = YES;
				CLANG_WARN_INT_CONVERSION = YES;
				CLANG_WARN_NON_LITERAL_NULL_CONVERSION = YES;
				CLANG_WARN_OBJC_IMPLICIT_RETAIN_SELF = YES;
				CLANG_WARN_OBJC_LITERAL_CONVERSION = YES;
				CLANG_WARN_OBJC_ROOT_CLASS = YES_ERROR;
				CLANG_WARN_QUOTED_INCLUDE_IN_FRAMEWORK_HEADER = YES;
				CLANG_WARN_RANGE_LOOP_ANALYSIS = YES;
				CLANG_WARN_STRICT_PROTOTYPES = YES;
				CLANG_WARN_SUSPICIOUS_MOVE = YES;
				CLANG_WARN_UNGUARDED_AVAILABILITY = YES_AGGRESSIVE;
				CLANG_WARN_UNREACHABLE_CODE = YES;
				CLANG_WARN__DUPLICATE_METHOD_MATCH = YES;
				COPY_PHASE_STRIP = NO;
				DEBUG_INFORMATION_FORMAT = "dwarf-with-dsym";
				ENABLE_NS_ASSERTIONS = NO;
				ENABLE_STRICT_OBJC_MSGSEND = YES;
				ENABLE_USER_SCRIPT_SANDBOXING = YES;
				GCC_C_LANGUAGE_STANDARD = gnu17;
				GCC_NO_COMMON_BLOCKS = YES;
				GCC_WARN_64_TO_32_BIT_CONVERSION = YES;
				GCC_WARN_ABOUT_RETURN_TYPE = YES_ERROR;
				GCC_WARN_UNDECLARED_SELECTOR = YES;
				GCC_WARN_UNINITIALIZED_AUTOS = YES_AGGRESSIVE;
				GCC_WARN_UNUSED_FUNCTION = YES;
				GCC_WARN_UNUSED_VARIABLE = YES;
				IPHONEOS_DEPLOYMENT_TARGET = 18.5;
				LOCALIZATION_PREFERS_STRING_CATALOGS = YES;
				MTL_ENABLE_DEBUG_INFO = NO;
				MTL_FAST_MATH = YES;
				SDKROOT = iphoneos;
				SWIFT_COMPILATION_MODE = wholemodule;
				VALIDATE_PRODUCT = YES;
			};
			name = Release;
		};
		E6ABFAB02E3AE45B001BDC5A /* Debug */ = {
			isa = XCBuildConfiguration;
			buildSettings = {
				BUNDLE_LOADER = "$(TEST_HOST)";
				CODE_SIGN_STYLE = Automatic;
				CURRENT_PROJECT_VERSION = 1;
				GENERATE_INFOPLIST_FILE = YES;
				IPHONEOS_DEPLOYMENT_TARGET = 18.5;
				MARKETING_VERSION = 1.0;
				PRODUCT_BUNDLE_IDENTIFIER = com.mahirpatel.foodExpirationTrackerTests;
				PRODUCT_NAME = "$(TARGET_NAME)";
				SWIFT_EMIT_LOC_STRINGS = NO;
				SWIFT_VERSION = 5.0;
				TARGETED_DEVICE_FAMILY = "1,2";
				TEST_HOST = "$(BUILT_PRODUCTS_DIR)/foodExpirationTracker.app/$(BUNDLE_EXECUTABLE_FOLDER_PATH)/foodExpirationTracker";
			};
			name = Debug;
		};
		E6ABFAB12E3AE45B001BDC5A /* Release */ = {
			isa = XCBuildConfiguration;
			buildSettings = {
				BUNDLE_LOADER = "$(TEST_HOST)";
				CODE_SIGN_STYLE = Automatic;
				CURRENT_PROJECT_VERSION = 1;
				GENERATE_INFOPLIST_FILE = YES;
				IPHONEOS_DEPLOYMENT_TARGET = 18.5;
				MARKETING_VERSION = 1.0;
				PRODUCT_BUNDLE_IDENTIFIER = com.mahirpatel.foodExpirationTrackerTests;
				PRODUCT_NAME = "$(TARGET_NAME)";
				SWIFT_EMIT_LOC_STRINGS = NO;
				SWIFT_VERSION = 5.0;
				TARGETED_DEVICE_FAMILY = "1,2";
				TEST_HOST = "$(BUILT_PRODUCTS_DIR)/foodExpirationTracker.app/$(BUNDLE_EXECUTABLE_FOLDER_PATH)/foodExpirationTracker";
			};
			name = Release;
		};
		E6ABFAB32E3AE45B001BDC5A /* Debug */ = {
			isa = XCBuildConfiguration;
			buildSettings = {
				CODE_SIGN_STYLE = Automatic;
				CURRENT_PROJECT_VERSION = 1;
				GENERATE_INFOPLIST_FILE = YES;
				MARKETING_VERSION = 1.0;
				PRODUCT_BUNDLE_IDENTIFIER = com.mahirpatel.foodExpirationTrackerUITests;
				PRODUCT_NAME = "$(TARGET_NAME)";
				SWIFT_EMIT_LOC_STRINGS = NO;
				SWIFT_VERSION = 5.0;
				TARGETED_DEVICE_FAMILY = "1,2";
				TEST_TARGET_NAME = foodExpirationTracker;
			};
			name = Debug;
		};
		E6ABFAB42E3AE45B001BDC5A /* Release */ = {
			isa = XCBuildConfiguration;
			buildSettings = {
				CODE_SIGN_STYLE = Automatic;
				CURRENT_PROJECT_VERSION = 1;
				GENERATE_INFOPLIST_FILE = YES;
				MARKETING_VERSION = 1.0;
				PRODUCT_BUNDLE_IDENTIFIER = com.mahirpatel.foodExpirationTrackerUITests;
				PRODUCT_NAME = "$(TARGET_NAME)";
				SWIFT_EMIT_LOC_STRINGS = NO;
				SWIFT_VERSION = 5.0;
				TARGETED_DEVICE_FAMILY = "1,2";
				TEST_TARGET_NAME = foodExpirationTracker;
			};
			name = Release;
		};
/* End XCBuildConfiguration section */

/* Begin XCConfigurationList section */
		E6ABFA792E3AE459001BDC5A /* Build configuration list for PBXProject "foodExpirationTracker" */ = {
			isa = XCConfigurationList;
			buildConfigurations = (
				E6ABFAAD2E3AE45B001BDC5A /* Debug */,
				E6ABFAAE2E3AE45B001BDC5A /* Release */,
			);
			defaultConfigurationIsVisible = 0;
			defaultConfigurationName = Release;
		};
		E6ABFAAA2E3AE45B001BDC5A /* Build configuration list for PBXNativeTarget "foodExpirationTracker" */ = {
			isa = XCConfigurationList;
			buildConfigurations = (
				E6ABFAAB2E3AE45B001BDC5A /* Debug */,
				E6ABFAAC2E3AE45B001BDC5A /* Release */,
			);
			defaultConfigurationIsVisible = 0;
			defaultConfigurationName = Release;
		};
		E6ABFAAF2E3AE45B001BDC5A /* Build configuration list for PBXNativeTarget "foodExpirationTrackerTests" */ = {
			isa = XCConfigurationList;
			buildConfigurations = (
				E6ABFAB02E3AE45B001BDC5A /* Debug */,
				E6ABFAB12E3AE45B001BDC5A /* Release */,
			);
			defaultConfigurationIsVisible = 0;
			defaultConfigurationName = Release;
		};
		E6ABFAB22E3AE45B001BDC5A /* Build configuration list for PBXNativeTarget "foodExpirationTrackerUITests" */ = {
			isa = XCConfigurationList;
			buildConfigurations = (
				E6ABFAB32E3AE45B001BDC5A /* Debug */,
				E6ABFAB42E3AE45B001BDC5A /* Release */,
			);
			defaultConfigurationIsVisible = 0;
			defaultConfigurationName = Release;
		};
/* End XCConfigurationList section */
	};
	rootObject = E6ABFA762E3AE459001BDC5A /* Project object */;
}
